
Microsoft Visual Studio Solution File, Format Version 12.00
# Visual Studio 14
VisualStudioVersion = 14.0.25420.1
MinimumVisualStudioVersion = 10.0.40219.1
Project("{FAE04EC0-301F-11D3-BF4B-00C04F79EFBC}") = "Ix4ConnectorService", "Ix4ConnectorService\Ix4ConnectorService.csproj", "{01C1C647-DB26-4B8E-9589-67E7104BEAD1}"
EndProject
Project("{FAE04EC0-301F-11D3-BF4B-00C04F79EFBC}") = "Ix4ServiceConfigurator", "Ix4ServiceConfigurator\Ix4ServiceConfigurator.csproj", "{ED777226-2DD6-4737-AEFF-1F9EBCB48FCC}"
EndProject
Project("{FAE04EC0-301F-11D3-BF4B-00C04F79EFBC}") = "Ix4Connector", "Ix4Connector\Ix4Connector.csproj", "{4D524A01-B026-4EDE-9BC9-28A83C160A34}"
EndProject
Project("{FAE04EC0-301F-11D3-BF4B-00C04F79EFBC}") = "Ix4Models", "Ix4Models\Ix4Models.csproj", "{FC7C4D19-401C-43B8-A054-1F4C1C6B8228}"
EndProject
Project("{FAE04EC0-301F-11D3-BF4B-00C04F79EFBC}") = "TestPluginUI", "TestPluginUI\TestPluginUI.csproj", "{62F26CA6-E0F1-44BE-8E56-711AB3B6613C}"
EndProject
Project("{FAE04EC0-301F-11D3-BF4B-00C04F79EFBC}") = "ConnectorWorkflowManager", "ConnectorWorkflowManager\ConnectorWorkflowManager.csproj", "{A292C322-3104-47AF-AB47-1EDFE0F96EFA}"
EndProject
Project("{FAE04EC0-301F-11D3-BF4B-00C04F79EFBC}") = "SimplestLogger", "SinplestLogger\SimplestLogger.csproj", "{18B499E8-956D-45C0-A9F7-6314CC00B777}"
EndProject
Project("{FAE04EC0-301F-11D3-BF4B-00C04F79EFBC}") = "Locale", "Locale\Locale.csproj", "{1472928B-5220-4FE4-9F54-84F28052F4AE}"
EndProject
Project("{2150E333-8FDC-42A3-9474-1A3956D46DE8}") = "Clients", "Clients", "{8FF8DB96-DB4B-4B21-BC24-DA8EF17DB113}"
EndProject
Project("{FAE04EC0-301F-11D3-BF4B-00C04F79EFBC}") = "WV_newDataProcessor", "WV_newDataProcessor\WV_newDataProcessor.csproj", "{9C0001FA-A703-4A96-BFCA-AD2FDCBA8BD7}"
EndProject
Project("{FAE04EC0-301F-11D3-BF4B-00C04F79EFBC}") = "WebStatisticsClient", "WebStatisticsClient\WebStatisticsClient.csproj", "{93F3AE92-6011-4ADC-B98B-E274348FB55A}"
EndProject
Global
	GlobalSection(SolutionConfigurationPlatforms) = preSolution
		Debug|Any CPU = Debug|Any CPU
		Release|Any CPU = Release|Any CPU
	EndGlobalSection
	GlobalSection(ProjectConfigurationPlatforms) = postSolution
		{01C1C647-DB26-4B8E-9589-67E7104BEAD1}.Debug|Any CPU.ActiveCfg = Debug|Any CPU
		{01C1C647-DB26-4B8E-9589-67E7104BEAD1}.Debug|Any CPU.Build.0 = Debug|Any CPU
		{01C1C647-DB26-4B8E-9589-67E7104BEAD1}.Release|Any CPU.ActiveCfg = Release|Any CPU
		{01C1C647-DB26-4B8E-9589-67E7104BEAD1}.Release|Any CPU.Build.0 = Release|Any CPU
		{ED777226-2DD6-4737-AEFF-1F9EBCB48FCC}.Debug|Any CPU.ActiveCfg = Debug|Any CPU
		{ED777226-2DD6-4737-AEFF-1F9EBCB48FCC}.Debug|Any CPU.Build.0 = Debug|Any CPU
		{ED777226-2DD6-4737-AEFF-1F9EBCB48FCC}.Release|Any CPU.ActiveCfg = Release|Any CPU
		{ED777226-2DD6-4737-AEFF-1F9EBCB48FCC}.Release|Any CPU.Build.0 = Release|Any CPU
		{4D524A01-B026-4EDE-9BC9-28A83C160A34}.Debug|Any CPU.ActiveCfg = Debug|Any CPU
		{4D524A01-B026-4EDE-9BC9-28A83C160A34}.Debug|Any CPU.Build.0 = Debug|Any CPU
		{4D524A01-B026-4EDE-9BC9-28A83C160A34}.Release|Any CPU.ActiveCfg = Release|Any CPU
		{4D524A01-B026-4EDE-9BC9-28A83C160A34}.Release|Any CPU.Build.0 = Release|Any CPU
		{FC7C4D19-401C-43B8-A054-1F4C1C6B8228}.Debug|Any CPU.ActiveCfg = Debug|Any CPU
		{FC7C4D19-401C-43B8-A054-1F4C1C6B8228}.Debug|Any CPU.Build.0 = Debug|Any CPU
		{FC7C4D19-401C-43B8-A054-1F4C1C6B8228}.Release|Any CPU.ActiveCfg = Release|Any CPU
		{FC7C4D19-401C-43B8-A054-1F4C1C6B8228}.Release|Any CPU.Build.0 = Release|Any CPU
		{62F26CA6-E0F1-44BE-8E56-711AB3B6613C}.Debug|Any CPU.ActiveCfg = Debug|Any CPU
		{62F26CA6-E0F1-44BE-8E56-711AB3B6613C}.Debug|Any CPU.Build.0 = Debug|Any CPU
		{62F26CA6-E0F1-44BE-8E56-711AB3B6613C}.Release|Any CPU.ActiveCfg = Release|Any CPU
		{A292C322-3104-47AF-AB47-1EDFE0F96EFA}.Debug|Any CPU.ActiveCfg = Debug|Any CPU
		{A292C322-3104-47AF-AB47-1EDFE0F96EFA}.Debug|Any CPU.Build.0 = Debug|Any CPU
		{A292C322-3104-47AF-AB47-1EDFE0F96EFA}.Release|Any CPU.ActiveCfg = Release|Any CPU
		{A292C322-3104-47AF-AB47-1EDFE0F96EFA}.Release|Any CPU.Build.0 = Release|Any CPU
		{18B499E8-956D-45C0-A9F7-6314CC00B777}.Debug|Any CPU.ActiveCfg = Debug|Any CPU
		{18B499E8-956D-45C0-A9F7-6314CC00B777}.Debug|Any CPU.Build.0 = Debug|Any CPU
		{18B499E8-956D-45C0-A9F7-6314CC00B777}.Release|Any CPU.ActiveCfg = Release|Any CPU
		{18B499E8-956D-45C0-A9F7-6314CC00B777}.Release|Any CPU.Build.0 = Release|Any CPU
		{1472928B-5220-4FE4-9F54-84F28052F4AE}.Debug|Any CPU.ActiveCfg = Debug|Any CPU
		{1472928B-5220-4FE4-9F54-84F28052F4AE}.Debug|Any CPU.Build.0 = Debug|Any CPU
		{1472928B-5220-4FE4-9F54-84F28052F4AE}.Release|Any CPU.ActiveCfg = Release|Any CPU
		{1472928B-5220-4FE4-9F54-84F28052F4AE}.Release|Any CPU.Build.0 = Release|Any CPU
		{9C0001FA-A703-4A96-BFCA-AD2FDCBA8BD7}.Debug|Any CPU.ActiveCfg = Debug|Any CPU
		{9C0001FA-A703-4A96-BFCA-AD2FDCBA8BD7}.Debug|Any CPU.Build.0 = Debug|Any CPU
		{9C0001FA-A703-4A96-BFCA-AD2FDCBA8BD7}.Release|Any CPU.ActiveCfg = Release|Any CPU
		{9C0001FA-A703-4A96-BFCA-AD2FDCBA8BD7}.Release|Any CPU.Build.0 = Release|Any CPU
		{93F3AE92-6011-4ADC-B98B-E274348FB55A}.Debug|Any CPU.ActiveCfg = Debug|Any CPU
		{93F3AE92-6011-4ADC-B98B-E274348FB55A}.Debug|Any CPU.Build.0 = Debug|Any CPU
		{93F3AE92-6011-4ADC-B98B-E274348FB55A}.Release|Any CPU.ActiveCfg = Release|Any CPU
		{93F3AE92-6011-4ADC-B98B-E274348FB55A}.Release|Any CPU.Build.0 = Release|Any CPU
	EndGlobalSection
	GlobalSection(SolutionProperties) = preSolution
		HideSolutionNode = FALSE
	EndGlobalSection
	GlobalSection(NestedProjects) = preSolution
		{9C0001FA-A703-4A96-BFCA-AD2FDCBA8BD7} = {8FF8DB96-DB4B-4B21-BC24-DA8EF17DB113}
	EndGlobalSection
EndGlobal
